// !$*UTF8*$!
{
	archiveVersion = 1;
	classes = {
	};
	objectVersion = 56;
	objects = {

/* Begin PBXBuildFile section */
		3E7C65EB28D099ED00808575 /* AppDelegate.swift in Sources */ = {isa = PBXBuildFile; fileRef = 3E7C65EA28D099ED00808575 /* AppDelegate.swift */; };
		3E7C65ED28D099ED00808575 /* SceneDelegate.swift in Sources */ = {isa = PBXBuildFile; fileRef = 3E7C65EC28D099ED00808575 /* SceneDelegate.swift */; };
		3E7C65F228D099ED00808575 /* Main.storyboard in Resources */ = {isa = PBXBuildFile; fileRef = 3E7C65F028D099ED00808575 /* Main.storyboard */; };
		3E7C65F428D099EF00808575 /* Assets.xcassets in Resources */ = {isa = PBXBuildFile; fileRef = 3E7C65F328D099EF00808575 /* Assets.xcassets */; };
		3E7C65F728D099EF00808575 /* LaunchScreen.storyboard in Resources */ = {isa = PBXBuildFile; fileRef = 3E7C65F528D099EF00808575 /* LaunchScreen.storyboard */; };
		3E7C660228D099EF00808575 /* ResetPasswordTests.swift in Sources */ = {isa = PBXBuildFile; fileRef = 3E7C660128D099EF00808575 /* ResetPasswordTests.swift */; };
		3E7C660C28D099EF00808575 /* ResetPasswordUITests.swift in Sources */ = {isa = PBXBuildFile; fileRef = 3E7C660B28D099EF00808575 /* ResetPasswordUITests.swift */; };
		3E7C660E28D099EF00808575 /* ResetPasswordUITestsLaunchTests.swift in Sources */ = {isa = PBXBuildFile; fileRef = 3E7C660D28D099EF00808575 /* ResetPasswordUITestsLaunchTests.swift */; };
		3E7C661C28D0BAD000808575 /* Realm in Frameworks */ = {isa = PBXBuildFile; productRef = 3E7C661B28D0BAD000808575 /* Realm */; };
		3E7C661E28D0BAD000808575 /* RealmSwift in Frameworks */ = {isa = PBXBuildFile; productRef = 3E7C661D28D0BAD000808575 /* RealmSwift */; };
		3EBF456E28D0C984001515E8 /* LoginViewController.swift in Sources */ = {isa = PBXBuildFile; fileRef = 3EBF456D28D0C984001515E8 /* LoginViewController.swift */; };
		3ED218EE28D878F70011CB9D /* ResetPasswordViewController.swift in Sources */ = {isa = PBXBuildFile; fileRef = 3ED218ED28D878F70011CB9D /* ResetPasswordViewController.swift */; };
		3ED218F028D8F30B0011CB9D /* UIViewController+Extension.swift in Sources */ = {isa = PBXBuildFile; fileRef = 3ED218EF28D8F30B0011CB9D /* UIViewController+Extension.swift */; };
		3ED218F228D907620011CB9D /* MainViewController.swift in Sources */ = {isa = PBXBuildFile; fileRef = 3ED218F128D907620011CB9D /* MainViewController.swift */; };
/* End PBXBuildFile section */

/* Begin PBXContainerItemProxy section */
		3E7C65FE28D099EF00808575 /* PBXContainerItemProxy */ = {
			isa = PBXContainerItemProxy;
			containerPortal = 3E7C65DF28D099ED00808575 /* Project object */;
			proxyType = 1;
			remoteGlobalIDString = 3E7C65E628D099ED00808575;
			remoteInfo = ResetPassword;
		};
		3E7C660828D099EF00808575 /* PBXContainerItemProxy */ = {
			isa = PBXContainerItemProxy;
			containerPortal = 3E7C65DF28D099ED00808575 /* Project object */;
			proxyType = 1;
			remoteGlobalIDString = 3E7C65E628D099ED00808575;
			remoteInfo = ResetPassword;
		};
/* End PBXContainerItemProxy section */

/* Begin PBXFileReference section */
		3E7C65E728D099ED00808575 /* ResetPassword.app */ = {isa = PBXFileReference; explicitFileType = wrapper.application; includeInIndex = 0; path = ResetPassword.app; sourceTree = BUILT_PRODUCTS_DIR; };
		3E7C65EA28D099ED00808575 /* AppDelegate.swift */ = {isa = PBXFileReference; lastKnownFileType = sourcecode.swift; path = AppDelegate.swift; sourceTree = "<group>"; };
		3E7C65EC28D099ED00808575 /* SceneDelegate.swift */ = {isa = PBXFileReference; lastKnownFileType = sourcecode.swift; path = SceneDelegate.swift; sourceTree = "<group>"; };
		3E7C65F128D099ED00808575 /* Base */ = {isa = PBXFileReference; lastKnownFileType = file.storyboard; name = Base; path = Base.lproj/Main.storyboard; sourceTree = "<group>"; };
		3E7C65F328D099EF00808575 /* Assets.xcassets */ = {isa = PBXFileReference; lastKnownFileType = folder.assetcatalog; path = Assets.xcassets; sourceTree = "<group>"; };
		3E7C65F628D099EF00808575 /* Base */ = {isa = PBXFileReference; lastKnownFileType = file.storyboard; name = Base; path = Base.lproj/LaunchScreen.storyboard; sourceTree = "<group>"; };
		3E7C65F828D099EF00808575 /* Info.plist */ = {isa = PBXFileReference; lastKnownFileType = text.plist.xml; path = Info.plist; sourceTree = "<group>"; };
		3E7C65FD28D099EF00808575 /* ResetPasswordTests.xctest */ = {isa = PBXFileReference; explicitFileType = wrapper.cfbundle; includeInIndex = 0; path = ResetPasswordTests.xctest; sourceTree = BUILT_PRODUCTS_DIR; };
		3E7C660128D099EF00808575 /* ResetPasswordTests.swift */ = {isa = PBXFileReference; lastKnownFileType = sourcecode.swift; path = ResetPasswordTests.swift; sourceTree = "<group>"; };
		3E7C660728D099EF00808575 /* ResetPasswordUITests.xctest */ = {isa = PBXFileReference; explicitFileType = wrapper.cfbundle; includeInIndex = 0; path = ResetPasswordUITests.xctest; sourceTree = BUILT_PRODUCTS_DIR; };
		3E7C660B28D099EF00808575 /* ResetPasswordUITests.swift */ = {isa = PBXFileReference; lastKnownFileType = sourcecode.swift; path = ResetPasswordUITests.swift; sourceTree = "<group>"; };
		3E7C660D28D099EF00808575 /* ResetPasswordUITestsLaunchTests.swift */ = {isa = PBXFileReference; lastKnownFileType = sourcecode.swift; path = ResetPasswordUITestsLaunchTests.swift; sourceTree = "<group>"; };
		3EBF456D28D0C984001515E8 /* LoginViewController.swift */ = {isa = PBXFileReference; lastKnownFileType = sourcecode.swift; path = LoginViewController.swift; sourceTree = "<group>"; };
		3ED218EC28D86C790011CB9D /* ResetPassword.entitlements */ = {isa = PBXFileReference; lastKnownFileType = text.plist.entitlements; path = ResetPassword.entitlements; sourceTree = "<group>"; };
		3ED218ED28D878F70011CB9D /* ResetPasswordViewController.swift */ = {isa = PBXFileReference; lastKnownFileType = sourcecode.swift; path = ResetPasswordViewController.swift; sourceTree = "<group>"; };
		3ED218EF28D8F30B0011CB9D /* UIViewController+Extension.swift */ = {isa = PBXFileReference; lastKnownFileType = sourcecode.swift; path = "UIViewController+Extension.swift"; sourceTree = "<group>"; };
		3ED218F128D907620011CB9D /* MainViewController.swift */ = {isa = PBXFileReference; lastKnownFileType = sourcecode.swift; path = MainViewController.swift; sourceTree = "<group>"; };
/* End PBXFileReference section */

/* Begin PBXFrameworksBuildPhase section */
		3E7C65E428D099ED00808575 /* Frameworks */ = {
			isa = PBXFrameworksBuildPhase;
			buildActionMask = 2147483647;
			files = (
				3E7C661E28D0BAD000808575 /* RealmSwift in Frameworks */,
				3E7C661C28D0BAD000808575 /* Realm in Frameworks */,
			);
			runOnlyForDeploymentPostprocessing = 0;
		};
		3E7C65FA28D099EF00808575 /* Frameworks */ = {
			isa = PBXFrameworksBuildPhase;
			buildActionMask = 2147483647;
			files = (
			);
			runOnlyForDeploymentPostprocessing = 0;
		};
		3E7C660428D099EF00808575 /* Frameworks */ = {
			isa = PBXFrameworksBuildPhase;
			buildActionMask = 2147483647;
			files = (
			);
			runOnlyForDeploymentPostprocessing = 0;
		};
/* End PBXFrameworksBuildPhase section */

/* Begin PBXGroup section */
		3E7C65DE28D099ED00808575 = {
			isa = PBXGroup;
			children = (
				3E7C65E928D099ED00808575 /* ResetPassword */,
				3E7C660028D099EF00808575 /* ResetPasswordTests */,
				3E7C660A28D099EF00808575 /* ResetPasswordUITests */,
				3E7C65E828D099ED00808575 /* Products */,
			);
			sourceTree = "<group>";
		};
		3E7C65E828D099ED00808575 /* Products */ = {
			isa = PBXGroup;
			children = (
				3E7C65E728D099ED00808575 /* ResetPassword.app */,
				3E7C65FD28D099EF00808575 /* ResetPasswordTests.xctest */,
				3E7C660728D099EF00808575 /* ResetPasswordUITests.xctest */,
			);
			name = Products;
			sourceTree = "<group>";
		};
		3E7C65E928D099ED00808575 /* ResetPassword */ = {
			isa = PBXGroup;
			children = (
				3ED218EC28D86C790011CB9D /* ResetPassword.entitlements */,
				3E7C65EA28D099ED00808575 /* AppDelegate.swift */,
				3E7C65EC28D099ED00808575 /* SceneDelegate.swift */,
				3E7C65F028D099ED00808575 /* Main.storyboard */,
				3E7C65F328D099EF00808575 /* Assets.xcassets */,
				3E7C65F528D099EF00808575 /* LaunchScreen.storyboard */,
				3E7C65F828D099EF00808575 /* Info.plist */,
				3EBF456D28D0C984001515E8 /* LoginViewController.swift */,
				3ED218ED28D878F70011CB9D /* ResetPasswordViewController.swift */,
				3ED218EF28D8F30B0011CB9D /* UIViewController+Extension.swift */,
				3ED218F128D907620011CB9D /* MainViewController.swift */,
			);
			path = ResetPassword;
			sourceTree = "<group>";
		};
		3E7C660028D099EF00808575 /* ResetPasswordTests */ = {
			isa = PBXGroup;
			children = (
				3E7C660128D099EF00808575 /* ResetPasswordTests.swift */,
			);
			path = ResetPasswordTests;
			sourceTree = "<group>";
		};
		3E7C660A28D099EF00808575 /* ResetPasswordUITests */ = {
			isa = PBXGroup;
			children = (
				3E7C660B28D099EF00808575 /* ResetPasswordUITests.swift */,
				3E7C660D28D099EF00808575 /* ResetPasswordUITestsLaunchTests.swift */,
			);
			path = ResetPasswordUITests;
			sourceTree = "<group>";
		};
/* End PBXGroup section */

/* Begin PBXNativeTarget section */
		3E7C65E628D099ED00808575 /* ResetPassword */ = {
			isa = PBXNativeTarget;
			buildConfigurationList = 3E7C661128D099EF00808575 /* Build configuration list for PBXNativeTarget "ResetPassword" */;
			buildPhases = (
				3E7C65E328D099ED00808575 /* Sources */,
				3E7C65E428D099ED00808575 /* Frameworks */,
				3E7C65E528D099ED00808575 /* Resources */,
			);
			buildRules = (
			);
			dependencies = (
			);
			name = ResetPassword;
			packageProductDependencies = (
				3E7C661B28D0BAD000808575 /* Realm */,
				3E7C661D28D0BAD000808575 /* RealmSwift */,
			);
			productName = ResetPassword;
			productReference = 3E7C65E728D099ED00808575 /* ResetPassword.app */;
			productType = "com.apple.product-type.application";
		};
		3E7C65FC28D099EF00808575 /* ResetPasswordTests */ = {
			isa = PBXNativeTarget;
			buildConfigurationList = 3E7C661428D099EF00808575 /* Build configuration list for PBXNativeTarget "ResetPasswordTests" */;
			buildPhases = (
				3E7C65F928D099EF00808575 /* Sources */,
				3E7C65FA28D099EF00808575 /* Frameworks */,
				3E7C65FB28D099EF00808575 /* Resources */,
			);
			buildRules = (
			);
			dependencies = (
				3E7C65FF28D099EF00808575 /* PBXTargetDependency */,
			);
			name = ResetPasswordTests;
			productName = ResetPasswordTests;
			productReference = 3E7C65FD28D099EF00808575 /* ResetPasswordTests.xctest */;
			productType = "com.apple.product-type.bundle.unit-test";
		};
		3E7C660628D099EF00808575 /* ResetPasswordUITests */ = {
			isa = PBXNativeTarget;
			buildConfigurationList = 3E7C661728D099EF00808575 /* Build configuration list for PBXNativeTarget "ResetPasswordUITests" */;
			buildPhases = (
				3E7C660328D099EF00808575 /* Sources */,
				3E7C660428D099EF00808575 /* Frameworks */,
				3E7C660528D099EF00808575 /* Resources */,
			);
			buildRules = (
			);
			dependencies = (
				3E7C660928D099EF00808575 /* PBXTargetDependency */,
			);
			name = ResetPasswordUITests;
			productName = ResetPasswordUITests;
			productReference = 3E7C660728D099EF00808575 /* ResetPasswordUITests.xctest */;
			productType = "com.apple.product-type.bundle.ui-testing";
		};
/* End PBXNativeTarget section */

/* Begin PBXProject section */
		3E7C65DF28D099ED00808575 /* Project object */ = {
			isa = PBXProject;
			attributes = {
				BuildIndependentTargetsInParallel = 1;
				LastSwiftUpdateCheck = 1400;
				LastUpgradeCheck = 1400;
				TargetAttributes = {
					3E7C65E628D099ED00808575 = {
						CreatedOnToolsVersion = 14.0;
					};
					3E7C65FC28D099EF00808575 = {
						CreatedOnToolsVersion = 14.0;
						TestTargetID = 3E7C65E628D099ED00808575;
					};
					3E7C660628D099EF00808575 = {
						CreatedOnToolsVersion = 14.0;
						TestTargetID = 3E7C65E628D099ED00808575;
					};
				};
			};
			buildConfigurationList = 3E7C65E228D099ED00808575 /* Build configuration list for PBXProject "ResetPassword" */;
			compatibilityVersion = "Xcode 14.0";
			developmentRegion = en;
			hasScannedForEncodings = 0;
			knownRegions = (
				en,
				Base,
			);
			mainGroup = 3E7C65DE28D099ED00808575;
			packageReferences = (
				3E7C661A28D0BAD000808575 /* XCRemoteSwiftPackageReference "realm-swift" */,
			);
			productRefGroup = 3E7C65E828D099ED00808575 /* Products */;
			projectDirPath = "";
			projectRoot = "";
			targets = (
				3E7C65E628D099ED00808575 /* ResetPassword */,
				3E7C65FC28D099EF00808575 /* ResetPasswordTests */,
				3E7C660628D099EF00808575 /* ResetPasswordUITests */,
			);
		};
/* End PBXProject section */

/* Begin PBXResourcesBuildPhase section */
		3E7C65E528D099ED00808575 /* Resources */ = {
			isa = PBXResourcesBuildPhase;
			buildActionMask = 2147483647;
			files = (
				3E7C65F728D099EF00808575 /* LaunchScreen.storyboard in Resources */,
				3E7C65F428D099EF00808575 /* Assets.xcassets in Resources */,
				3E7C65F228D099ED00808575 /* Main.storyboard in Resources */,
			);
			runOnlyForDeploymentPostprocessing = 0;
		};
		3E7C65FB28D099EF00808575 /* Resources */ = {
			isa = PBXResourcesBuildPhase;
			buildActionMask = 2147483647;
			files = (
			);
			runOnlyForDeploymentPostprocessing = 0;
		};
		3E7C660528D099EF00808575 /* Resources */ = {
			isa = PBXResourcesBuildPhase;
			buildActionMask = 2147483647;
			files = (
			);
			runOnlyForDeploymentPostprocessing = 0;
		};
/* End PBXResourcesBuildPhase section */

/* Begin PBXSourcesBuildPhase section */
		3E7C65E328D099ED00808575 /* Sources */ = {
			isa = PBXSourcesBuildPhase;
			buildActionMask = 2147483647;
			files = (
				3EBF456E28D0C984001515E8 /* LoginViewController.swift in Sources */,
				3E7C65EB28D099ED00808575 /* AppDelegate.swift in Sources */,
				3E7C65ED28D099ED00808575 /* SceneDelegate.swift in Sources */,
				3ED218F228D907620011CB9D /* MainViewController.swift in Sources */,
				3ED218F028D8F30B0011CB9D /* UIViewController+Extension.swift in Sources */,
				3ED218EE28D878F70011CB9D /* ResetPasswordViewController.swift in Sources */,
			);
			runOnlyForDeploymentPostprocessing = 0;
		};
		3E7C65F928D099EF00808575 /* Sources */ = {
			isa = PBXSourcesBuildPhase;
			buildActionMask = 2147483647;
			files = (
				3E7C660228D099EF00808575 /* ResetPasswordTests.swift in Sources */,
			);
			runOnlyForDeploymentPostprocessing = 0;
		};
		3E7C660328D099EF00808575 /* Sources */ = {
			isa = PBXSourcesBuildPhase;
			buildActionMask = 2147483647;
			files = (
				3E7C660C28D099EF00808575 /* ResetPasswordUITests.swift in Sources */,
				3E7C660E28D099EF00808575 /* ResetPasswordUITestsLaunchTests.swift in Sources */,
			);
			runOnlyForDeploymentPostprocessing = 0;
		};
/* End PBXSourcesBuildPhase section */

/* Begin PBXTargetDependency section */
		3E7C65FF28D099EF00808575 /* PBXTargetDependency */ = {
			isa = PBXTargetDependency;
			target = 3E7C65E628D099ED00808575 /* ResetPassword */;
			targetProxy = 3E7C65FE28D099EF00808575 /* PBXContainerItemProxy */;
		};
		3E7C660928D099EF00808575 /* PBXTargetDependency */ = {
			isa = PBXTargetDependency;
			target = 3E7C65E628D099ED00808575 /* ResetPassword */;
			targetProxy = 3E7C660828D099EF00808575 /* PBXContainerItemProxy */;
		};
/* End PBXTargetDependency section */

/* Begin PBXVariantGroup section */
		3E7C65F028D099ED00808575 /* Main.storyboard */ = {
			isa = PBXVariantGroup;
			children = (
				3E7C65F128D099ED00808575 /* Base */,
			);
			name = Main.storyboard;
			sourceTree = "<group>";
		};
		3E7C65F528D099EF00808575 /* LaunchScreen.storyboard */ = {
			isa = PBXVariantGroup;
			children = (
				3E7C65F628D099EF00808575 /* Base */,
			);
			name = LaunchScreen.storyboard;
			sourceTree = "<group>";
		};
/* End PBXVariantGroup section */

/* Begin XCBuildConfiguration section */
		3E7C660F28D099EF00808575 /* Debug */ = {
			isa = XCBuildConfiguration;
			buildSettings = {
				ALWAYS_SEARCH_USER_PATHS = NO;
				CLANG_ANALYZER_NONNULL = YES;
				CLANG_ANALYZER_NUMBER_OBJECT_CONVERSION = YES_AGGRESSIVE;
				CLANG_CXX_LANGUAGE_STANDARD = "gnu++20";
				CLANG_ENABLE_MODULES = YES;
				CLANG_ENABLE_OBJC_ARC = YES;
				CLANG_ENABLE_OBJC_WEAK = YES;
				CLANG_WARN_BLOCK_CAPTURE_AUTORELEASING = YES;
				CLANG_WARN_BOOL_CONVERSION = YES;
				CLANG_WARN_COMMA = YES;
				CLANG_WARN_CONSTANT_CONVERSION = YES;
				CLANG_WARN_DEPRECATED_OBJC_IMPLEMENTATIONS = YES;
				CLANG_WARN_DIRECT_OBJC_ISA_USAGE = YES_ERROR;
				CLANG_WARN_DOCUMENTATION_COMMENTS = YES;
				CLANG_WARN_EMPTY_BODY = YES;
				CLANG_WARN_ENUM_CONVERSION = YES;
				CLANG_WARN_INFINITE_RECURSION = YES;
				CLANG_WARN_INT_CONVERSION = YES;
				CLANG_WARN_NON_LITERAL_NULL_CONVERSION = YES;
				CLANG_WARN_OBJC_IMPLICIT_RETAIN_SELF = YES;
				CLANG_WARN_OBJC_LITERAL_CONVERSION = YES;
				CLANG_WARN_OBJC_ROOT_CLASS = YES_ERROR;
				CLANG_WARN_QUOTED_INCLUDE_IN_FRAMEWORK_HEADER = YES;
				CLANG_WARN_RANGE_LOOP_ANALYSIS = YES;
				CLANG_WARN_STRICT_PROTOTYPES = YES;
				CLANG_WARN_SUSPICIOUS_MOVE = YES;
				CLANG_WARN_UNGUARDED_AVAILABILITY = YES_AGGRESSIVE;
				CLANG_WARN_UNREACHABLE_CODE = YES;
				CLANG_WARN__DUPLICATE_METHOD_MATCH = YES;
				COPY_PHASE_STRIP = NO;
				DEBUG_INFORMATION_FORMAT = dwarf;
				ENABLE_STRICT_OBJC_MSGSEND = YES;
				ENABLE_TESTABILITY = YES;
				GCC_C_LANGUAGE_STANDARD = gnu11;
				GCC_DYNAMIC_NO_PIC = NO;
				GCC_NO_COMMON_BLOCKS = YES;
				GCC_OPTIMIZATION_LEVEL = 0;
				GCC_PREPROCESSOR_DEFINITIONS = (
					"DEBUG=1",
					"$(inherited)",
				);
				GCC_WARN_64_TO_32_BIT_CONVERSION = YES;
				GCC_WARN_ABOUT_RETURN_TYPE = YES_ERROR;
				GCC_WARN_UNDECLARED_SELECTOR = YES;
				GCC_WARN_UNINITIALIZED_AUTOS = YES_AGGRESSIVE;
				GCC_WARN_UNUSED_FUNCTION = YES;
				GCC_WARN_UNUSED_VARIABLE = YES;
				IPHONEOS_DEPLOYMENT_TARGET = 16.0;
				MTL_ENABLE_DEBUG_INFO = INCLUDE_SOURCE;
				MTL_FAST_MATH = YES;
				ONLY_ACTIVE_ARCH = YES;
				SDKROOT = iphoneos;
				SWIFT_ACTIVE_COMPILATION_CONDITIONS = DEBUG;
				SWIFT_OPTIMIZATION_LEVEL = "-Onone";
			};
			name = Debug;
		};
		3E7C661028D099EF00808575 /* Release */ = {
			isa = XCBuildConfiguration;
			buildSettings = {
				ALWAYS_SEARCH_USER_PATHS = NO;
				CLANG_ANALYZER_NONNULL = YES;
				CLANG_ANALYZER_NUMBER_OBJECT_CONVERSION = YES_AGGRESSIVE;
				CLANG_CXX_LANGUAGE_STANDARD = "gnu++20";
				CLANG_ENABLE_MODULES = YES;
				CLANG_ENABLE_OBJC_ARC = YES;
				CLANG_ENABLE_OBJC_WEAK = YES;
				CLANG_WARN_BLOCK_CAPTURE_AUTORELEASING = YES;
				CLANG_WARN_BOOL_CONVERSION = YES;
				CLANG_WARN_COMMA = YES;
				CLANG_WARN_CONSTANT_CONVERSION = YES;
				CLANG_WARN_DEPRECATED_OBJC_IMPLEMENTATIONS = YES;
				CLANG_WARN_DIRECT_OBJC_ISA_USAGE = YES_ERROR;
				CLANG_WARN_DOCUMENTATION_COMMENTS = YES;
				CLANG_WARN_EMPTY_BODY = YES;
				CLANG_WARN_ENUM_CONVERSION = YES;
				CLANG_WARN_INFINITE_RECURSION = YES;
				CLANG_WARN_INT_CONVERSION = YES;
				CLANG_WARN_NON_LITERAL_NULL_CONVERSION = YES;
				CLANG_WARN_OBJC_IMPLICIT_RETAIN_SELF = YES;
				CLANG_WARN_OBJC_LITERAL_CONVERSION = YES;
				CLANG_WARN_OBJC_ROOT_CLASS = YES_ERROR;
				CLANG_WARN_QUOTED_INCLUDE_IN_FRAMEWORK_HEADER = YES;
				CLANG_WARN_RANGE_LOOP_ANALYSIS = YES;
				CLANG_WARN_STRICT_PROTOTYPES = YES;
				CLANG_WARN_SUSPICIOUS_MOVE = YES;
				CLANG_WARN_UNGUARDED_AVAILABILITY = YES_AGGRESSIVE;
				CLANG_WARN_UNREACHABLE_CODE = YES;
				CLANG_WARN__DUPLICATE_METHOD_MATCH = YES;
				COPY_PHASE_STRIP = NO;
				DEBUG_INFORMATION_FORMAT = "dwarf-with-dsym";
				ENABLE_NS_ASSERTIONS = NO;
				ENABLE_STRICT_OBJC_MSGSEND = YES;
				GCC_C_LANGUAGE_STANDARD = gnu11;
				GCC_NO_COMMON_BLOCKS = YES;
				GCC_WARN_64_TO_32_BIT_CONVERSION = YES;
				GCC_WARN_ABOUT_RETURN_TYPE = YES_ERROR;
				GCC_WARN_UNDECLARED_SELECTOR = YES;
				GCC_WARN_UNINITIALIZED_AUTOS = YES_AGGRESSIVE;
				GCC_WARN_UNUSED_FUNCTION = YES;
				GCC_WARN_UNUSED_VARIABLE = YES;
				IPHONEOS_DEPLOYMENT_TARGET = 16.0;
				MTL_ENABLE_DEBUG_INFO = NO;
				MTL_FAST_MATH = YES;
				SDKROOT = iphoneos;
				SWIFT_COMPILATION_MODE = wholemodule;
				SWIFT_OPTIMIZATION_LEVEL = "-O";
				VALIDATE_PRODUCT = YES;
			};
			name = Release;
		};
		3E7C661228D099EF00808575 /* Debug */ = {
			isa = XCBuildConfiguration;
			buildSettings = {
				ASSETCATALOG_COMPILER_APPICON_NAME = AppIcon;
				ASSETCATALOG_COMPILER_GLOBAL_ACCENT_COLOR_NAME = AccentColor;
				CODE_SIGN_ENTITLEMENTS = ResetPassword/ResetPassword.entitlements;
				CODE_SIGN_STYLE = Automatic;
				CURRENT_PROJECT_VERSION = 1;
				DEVELOPMENT_TEAM = QX5CR2FTN2;
				GENERATE_INFOPLIST_FILE = YES;
				INFOPLIST_FILE = ResetPassword/Info.plist;
				INFOPLIST_KEY_UIApplicationSupportsIndirectInputEvents = YES;
				INFOPLIST_KEY_UILaunchStoryboardName = LaunchScreen;
				INFOPLIST_KEY_UIMainStoryboardFile = Main;
				INFOPLIST_KEY_UISupportedInterfaceOrientations_iPad = "UIInterfaceOrientationPortrait UIInterfaceOrientationPortraitUpsideDown UIInterfaceOrientationLandscapeLeft UIInterfaceOrientationLandscapeRight";
				INFOPLIST_KEY_UISupportedInterfaceOrientations_iPhone = "UIInterfaceOrientationPortrait UIInterfaceOrientationLandscapeLeft UIInterfaceOrientationLandscapeRight";
				LD_RUNPATH_SEARCH_PATHS = (
					"$(inherited)",
					"@executable_path/Frameworks",
				);
				MARKETING_VERSION = 1.0;
				PRODUCT_BUNDLE_IDENTIFIER = io.realm.marcabrera.ResetPassword;
				PRODUCT_NAME = "$(TARGET_NAME)";
				SWIFT_EMIT_LOC_STRINGS = YES;
				SWIFT_VERSION = 5.0;
				TARGETED_DEVICE_FAMILY = "1,2";
			};
			name = Debug;
		};
		3E7C661328D099EF00808575 /* Release */ = {
			isa = XCBuildConfiguration;
			buildSettings = {
				ASSETCATALOG_COMPILER_APPICON_NAME = AppIcon;
				ASSETCATALOG_COMPILER_GLOBAL_ACCENT_COLOR_NAME = AccentColor;
				CODE_SIGN_ENTITLEMENTS = ResetPassword/ResetPassword.entitlements;
				CODE_SIGN_STYLE = Automatic;
				CURRENT_PROJECT_VERSION = 1;
				DEVELOPMENT_TEAM = QX5CR2FTN2;
				GENERATE_INFOPLIST_FILE = YES;
				INFOPLIST_FILE = ResetPassword/Info.plist;
				INFOPLIST_KEY_UIApplicationSupportsIndirectInputEvents = YES;
				INFOPLIST_KEY_UILaunchStoryboardName = LaunchScreen;
				INFOPLIST_KEY_UIMainStoryboardFile = Main;
				INFOPLIST_KEY_UISupportedInterfaceOrientations_iPad = "UIInterfaceOrientationPortrait UIInterfaceOrientationPortraitUpsideDown UIInterfaceOrientationLandscapeLeft UIInterfaceOrientationLandscapeRight";
				INFOPLIST_KEY_UISupportedInterfaceOrientations_iPhone = "UIInterfaceOrientationPortrait UIInterfaceOrientationLandscapeLeft UIInterfaceOrientationLandscapeRight";
				LD_RUNPATH_SEARCH_PATHS = (
					"$(inherited)",
					"@executable_path/Frameworks",
				);
				MARKETING_VERSION = 1.0;
				PRODUCT_BUNDLE_IDENTIFIER = io.realm.marcabrera.ResetPassword;
				PRODUCT_NAME = "$(TARGET_NAME)";
				SWIFT_EMIT_LOC_STRINGS = YES;
				SWIFT_VERSION = 5.0;
				TARGETED_DEVICE_FAMILY = "1,2";
			};
			name = Release;
		};
		3E7C661528D099EF00808575 /* Debug */ = {
			isa = XCBuildConfiguration;
			buildSettings = {
				ALWAYS_EMBED_SWIFT_STANDARD_LIBRARIES = YES;
				BUNDLE_LOADER = "$(TEST_HOST)";
				CODE_SIGN_STYLE = Automatic;
				CURRENT_PROJECT_VERSION = 1;
				DEVELOPMENT_TEAM = QX5CR2FTN2;
				GENERATE_INFOPLIST_FILE = YES;
				IPHONEOS_DEPLOYMENT_TARGET = 16.0;
				MARKETING_VERSION = 1.0;
				PRODUCT_BUNDLE_IDENTIFIER = com.marcabrera.ResetPasswordTests;
				PRODUCT_NAME = "$(TARGET_NAME)";
				SWIFT_EMIT_LOC_STRINGS = NO;
				SWIFT_VERSION = 5.0;
				TARGETED_DEVICE_FAMILY = "1,2";
				TEST_HOST = "$(BUILT_PRODUCTS_DIR)/ResetPassword.app/$(BUNDLE_EXECUTABLE_FOLDER_PATH)/ResetPassword";
			};
			name = Debug;
		};
		3E7C661628D099EF00808575 /* Release */ = {
			isa = XCBuildConfiguration;
			buildSettings = {
				ALWAYS_EMBED_SWIFT_STANDARD_LIBRARIES = YES;
				BUNDLE_LOADER = "$(TEST_HOST)";
				CODE_SIGN_STYLE = Automatic;
				CURRENT_PROJECT_VERSION = 1;
				DEVELOPMENT_TEAM = QX5CR2FTN2;
				GENERATE_INFOPLIST_FILE = YES;
				IPHONEOS_DEPLOYMENT_TARGET = 16.0;
				MARKETING_VERSION = 1.0;
				PRODUCT_BUNDLE_IDENTIFIER = com.marcabrera.ResetPasswordTests;
				PRODUCT_NAME = "$(TARGET_NAME)";
				SWIFT_EMIT_LOC_STRINGS = NO;
				SWIFT_VERSION = 5.0;
				TARGETED_DEVICE_FAMILY = "1,2";
				TEST_HOST = "$(BUILT_PRODUCTS_DIR)/ResetPassword.app/$(BUNDLE_EXECUTABLE_FOLDER_PATH)/ResetPassword";
			};
			name = Release;
		};
		3E7C661828D099EF00808575 /* Debug */ = {
			isa = XCBuildConfiguration;
			buildSettings = {
				ALWAYS_EMBED_SWIFT_STANDARD_LIBRARIES = YES;
				CODE_SIGN_STYLE = Automatic;
				CURRENT_PROJECT_VERSION = 1;
				DEVELOPMENT_TEAM = QX5CR2FTN2;
				GENERATE_INFOPLIST_FILE = YES;
				MARKETING_VERSION = 1.0;
				PRODUCT_BUNDLE_IDENTIFIER = com.marcabrera.ResetPasswordUITests;
				PRODUCT_NAME = "$(TARGET_NAME)";
				SWIFT_EMIT_LOC_STRINGS = NO;
				SWIFT_VERSION = 5.0;
				TARGETED_DEVICE_FAMILY = "1,2";
				TEST_TARGET_NAME = ResetPassword;
			};
			name = Debug;
		};
		3E7C661928D099EF00808575 /* Release */ = {
			isa = XCBuildConfiguration;
			buildSettings = {
				ALWAYS_EMBED_SWIFT_STANDARD_LIBRARIES = YES;
				CODE_SIGN_STYLE = Automatic;
				CURRENT_PROJECT_VERSION = 1;
				DEVELOPMENT_TEAM = QX5CR2FTN2;
				GENERATE_INFOPLIST_FILE = YES;
				MARKETING_VERSION = 1.0;
				PRODUCT_BUNDLE_IDENTIFIER = com.marcabrera.ResetPasswordUITests;
				PRODUCT_NAME = "$(TARGET_NAME)";
				SWIFT_EMIT_LOC_STRINGS = NO;
				SWIFT_VERSION = 5.0;
				TARGETED_DEVICE_FAMILY = "1,2";
				TEST_TARGET_NAME = ResetPassword;
			};
			name = Release;
		};
/* End XCBuildConfiguration section */

/* Begin XCConfigurationList section */
		3E7C65E228D099ED00808575 /* Build configuration list for PBXProject "ResetPassword" */ = {
			isa = XCConfigurationList;
			buildConfigurations = (
				3E7C660F28D099EF00808575 /* Debug */,
				3E7C661028D099EF00808575 /* Release */,
			);
			defaultConfigurationIsVisible = 0;
			defaultConfigurationName = Release;
		};
		3E7C661128D099EF00808575 /* Build configuration list for PBXNativeTarget "ResetPassword" */ = {
			isa = XCConfigurationList;
			buildConfigurations = (
				3E7C661228D099EF00808575 /* Debug */,
				3E7C661328D099EF00808575 /* Release */,
			);
			defaultConfigurationIsVisible = 0;
			defaultConfigurationName = Release;
		};
		3E7C661428D099EF00808575 /* Build configuration list for PBXNativeTarget "ResetPasswordTests" */ = {
			isa = XCConfigurationList;
			buildConfigurations = (
				3E7C661528D099EF00808575 /* Debug */,
				3E7C661628D099EF00808575 /* Release */,
			);
			defaultConfigurationIsVisible = 0;
			defaultConfigurationName = Release;
		};
		3E7C661728D099EF00808575 /* Build configuration list for PBXNativeTarget "ResetPasswordUITests" */ = {
			isa = XCConfigurationList;
			buildConfigurations = (
				3E7C661828D099EF00808575 /* Debug */,
				3E7C661928D099EF00808575 /* Release */,
			);
			defaultConfigurationIsVisible = 0;
			defaultConfigurationName = Release;
		};
/* End XCConfigurationList section */

/* Begin XCRemoteSwiftPackageReference section */
		3E7C661A28D0BAD000808575 /* XCRemoteSwiftPackageReference "realm-swift" */ = {
			isa = XCRemoteSwiftPackageReference;
			repositoryURL = "https://github.com/realm/realm-swift.git";
			requirement = {
				branch = master;
				kind = branch;
			};
		};
/* End XCRemoteSwiftPackageReference section */

/* Begin XCSwiftPackageProductDependency section */
		3E7C661B28D0BAD000808575 /* Realm */ = {
			isa = XCSwiftPackageProductDependency;
			package = 3E7C661A28D0BAD000808575 /* XCRemoteSwiftPackageReference "realm-swift" */;
			productName = Realm;
		};
		3E7C661D28D0BAD000808575 /* RealmSwift */ = {
			isa = XCSwiftPackageProductDependency;
			package = 3E7C661A28D0BAD000808575 /* XCRemoteSwiftPackageReference "realm-swift" */;
			productName = RealmSwift;
		};
/* End XCSwiftPackageProductDependency section */
	};
	rootObject = 3E7C65DF28D099ED00808575 /* Project object */;
}
